hash: 71692637d4ea2f95b6ad3aad389ad497d76b843d460c6c1ef6e7eab777028eb3
updated: 2017-07-04T12:11:47.999987483+02:00
imports:
- name: github.com/byrnedo/mapcast
  version: 76b07c9b4c2ce7ee42b418be65317345d0d68d5b
- name: github.com/byrnedo/prefab
  version: c1a2256e5983985e653cbe3a887252456b982e07
- name: github.com/byrnedo/svccommon
  version: 43195f2fd5d0c9d74a1e832f352c09b28fb103de
  subpackages:
  - msgspec/web
- name: github.com/byrnedo/typesafe-config
  version: 443f6f88872bc6cd5a16544e3e850e80b1424245
  subpackages:
  - parse
- name: github.com/cenkalti/backoff
  version: b02f2bbce11d7ea6b97f282ef1771b0fe2f65ef3
- name: github.com/DavidHuie/gomigrate
  version: 1b90a570dc6b7aaaefa233eacf304be363a89603
- name: github.com/fsouza/go-dockerclient
  version: 6fb38e6bb3d544d7eb5b55fd396cd4e6850802d8
  subpackages:
  - external/github.com/docker/docker/opts
  - external/github.com/docker/docker/pkg/archive
  - external/github.com/docker/docker/pkg/fileutils
  - external/github.com/docker/docker/pkg/homedir
  - external/github.com/docker/docker/pkg/stdcopy
  - external/github.com/hashicorp/go-cleanhttp
  - external/github.com/Sirupsen/logrus
  - external/github.com/docker/docker/pkg/idtools
  - external/github.com/docker/docker/pkg/ioutils
  - external/github.com/docker/docker/pkg/pools
  - external/github.com/docker/docker/pkg/promise
  - external/github.com/docker/docker/pkg/system
  - external/github.com/docker/docker/pkg/longpath
  - external/github.com/opencontainers/runc/libcontainer/user
  - external/golang.org/x/sys/unix
  - external/golang.org/x/net/context
  - external/github.com/docker/go-units
- name: github.com/garyburd/redigo
  version: 0d253a66e6e1349f4581d6d2b300ee434ee2da9f
  subpackages:
  - redis
  - internal
- name: github.com/go-sql-driver/mysql
  version: a0583e0143b1624142adab07e0e97fe106d99561
- name: github.com/gogo/protobuf
  version: 100ba4e885062801d56799d78530b73b178a78f3
  subpackages:
  - proto
  - gogoproto
  - protoc-gen-gogo/descriptor
- name: github.com/golang/protobuf
  version: 98fa357170587e470c5f27d3c3ea0947b71eb455
  subpackages:
  - proto
- name: github.com/jmoiron/sqlx
  version: 398dd5876282499cdfd4cb8ea0f31a672abe9495
  subpackages:
  - reflectx
- name: github.com/julienschmidt/httprouter
  version: 8c199fb6259ffc1af525cc3ad52ee60ba8359669
- name: github.com/lib/pq
  version: 699d6b1bd83a497693f0863c142dd8759b35eb80
  subpackages:
  - oid
- name: github.com/mattn/go-sqlite3
  version: ca5e3819723d8eeaf170ad510e7da1d6d2e94a08
- name: github.com/mgutz/logxi
  version: aebf8a7d67ab4625e0fd4a665766fef9a709161b
- name: github.com/mgutz/str
  version: 968bf66e3da857419e4f6e71b2d5c9ae95682dc4
- name: github.com/nats-io/go-nats
  version: 61923ed1eaf8398000991fbbee2ef11ab5a5be0d
  subpackages:
  - encoders/protobuf
- name: github.com/nats-io/go-nats-streaming
  version: 6e620057a207bd61e992c1c5b6a2de7b6a4cb010
  subpackages:
  - pb
- name: github.com/nats-io/nats
  version: 61923ed1eaf8398000991fbbee2ef11ab5a5be0d
  subpackages:
  - encoders/builtin
  - util
- name: github.com/nats-io/nuid
  version: 289cccf02c178dc782430d534e3c1f5b72af807f
- name: github.com/pborman/uuid
  version: a97ce2ca70fa5a848076093f05e639a89ca34d06
- name: github.com/pmylund/go-cache
  version: e7a9def80f35fe1b170b7b8b68871d59dea117e1
- name: github.com/satori/go.uuid
  version: 879c5887cd475cd7864858769793b2ceb0d44feb
- name: golang.org/x/net
  version: 30db96677b74e24b967e23f911eb3364fc61a011
  subpackages:
  - context
- name: gopkg.in/bluesuncorp/validator.v8
  version: 5f57d2222ad794d0dffb07e664ea05e2ee07d60c
- name: gopkg.in/mgo.v2
  version: 3f83fa5005286a7fe593b055f0d7771a7dce4655
  subpackages:
  - bson
  - internal/sasl
  - internal/scram
  - internal/json
- name: gopkg.in/mgutz/dat.v1
  version: f2918ee2c9dd12bc7f27302aa28333ffcabc24d2
  subpackages:
  - kvs
  - sqlx-runner
  - common
  - reflectx
  - postgres
testImports: []
