hash: 289d2b136565d2cbcb483cf370b9984243ec9c5978610404fea1316beda8cc1d
updated: 2017-03-06T12:30:01.751661978+01:00
imports:
- name: github.com/byrnedo/capitan
  version: 5274c154ed7046f7ab6c6003b056aa625c377153
  subpackages:
  - consts
  - helpers
  - logger
- name: github.com/byrnedo/mapcast
  version: 76b07c9b4c2ce7ee42b418be65317345d0d68d5b
- name: github.com/byrnedo/prefab
  version: 79f33ce5739156b681e45092da3f2053bbc2acb8
- name: github.com/byrnedo/svccommon
  version: 43195f2fd5d0c9d74a1e832f352c09b28fb103de
  subpackages:
  - msgspec/web
- name: github.com/byrnedo/typesafe-config
  version: 443f6f88872bc6cd5a16544e3e850e80b1424245
  subpackages:
  - parse
- name: github.com/cenkalti/backoff
  version: b02f2bbce11d7ea6b97f282ef1771b0fe2f65ef3
- name: github.com/codegangsta/inject
  version: 33e0aa1cb7c019ccc3fbe049a8262a6403d30504
- name: github.com/codeskyblue/go-sh
  version: ceb46ec4630a726eeed51d0a70066c9e1102c48f
- name: github.com/DavidHuie/gomigrate
  version: 1b90a570dc6b7aaaefa233eacf304be363a89603
- name: github.com/fsouza/go-dockerclient
  version: 6fb38e6bb3d544d7eb5b55fd396cd4e6850802d8
  subpackages:
  - external/github.com/Sirupsen/logrus
  - external/github.com/docker/docker/opts
  - external/github.com/docker/docker/pkg/archive
  - external/github.com/docker/docker/pkg/fileutils
  - external/github.com/docker/docker/pkg/homedir
  - external/github.com/docker/docker/pkg/idtools
  - external/github.com/docker/docker/pkg/ioutils
  - external/github.com/docker/docker/pkg/longpath
  - external/github.com/docker/docker/pkg/pools
  - external/github.com/docker/docker/pkg/promise
  - external/github.com/docker/docker/pkg/stdcopy
  - external/github.com/docker/docker/pkg/system
  - external/github.com/docker/go-units
  - external/github.com/hashicorp/go-cleanhttp
  - external/github.com/opencontainers/runc/libcontainer/user
  - external/golang.org/x/net/context
  - external/golang.org/x/sys/unix
- name: github.com/garyburd/redigo
  version: 0d253a66e6e1349f4581d6d2b300ee434ee2da9f
  subpackages:
  - internal
  - redis
- name: github.com/go-sql-driver/mysql
  version: a0583e0143b1624142adab07e0e97fe106d99561
- name: github.com/gogo/protobuf
  version: 909568be09de550ed094403c2bf8a261b5bb730a
  subpackages:
  - gogoproto
  - proto
  - protoc-gen-gogo/descriptor
- name: github.com/golang/protobuf
  version: 98fa357170587e470c5f27d3c3ea0947b71eb455
  subpackages:
  - proto
- name: github.com/jmoiron/sqlx
  version: 398dd5876282499cdfd4cb8ea0f31a672abe9495
  subpackages:
  - reflectx
- name: github.com/julienschmidt/httprouter
  version: 8c199fb6259ffc1af525cc3ad52ee60ba8359669
- name: github.com/lib/pq
  version: 699d6b1bd83a497693f0863c142dd8759b35eb80
  subpackages:
  - oid
- name: github.com/mattn/go-colorable
  version: acb9493f2794fd0f820de7a27a217dafbb1b65ea
- name: github.com/mattn/go-isatty
  version: 9622e0cc9d8f9be434ca605520ff9a16808fee47
- name: github.com/mattn/go-sqlite3
  version: ca5e3819723d8eeaf170ad510e7da1d6d2e94a08
- name: github.com/mgutz/ansi
  version: c286dcecd19ff979eeb73ea444e479b903f2cfcb
- name: github.com/mgutz/logxi
  version: aebf8a7d67ab4625e0fd4a665766fef9a709161b
  subpackages:
  - v1
- name: github.com/mgutz/str
  version: 968bf66e3da857419e4f6e71b2d5c9ae95682dc4
- name: github.com/nats-io/go-nats
  version: 0c2f276bcdbd6fbb19fea89f93bdf050f9a286ec
  subpackages:
  - encoders/builtin
  - util
- name: github.com/nats-io/go-nats-streaming
  version: 6e620057a207bd61e992c1c5b6a2de7b6a4cb010
  subpackages:
  - pb
- name: github.com/nats-io/nats
  version: 61923ed1eaf8398000991fbbee2ef11ab5a5be0d
  subpackages:
  - encoders/builtin
  - encoders/protobuf
  - util
- name: github.com/nats-io/nuid
  version: 289cccf02c178dc782430d534e3c1f5b72af807f
- name: github.com/pborman/uuid
  version: a97ce2ca70fa5a848076093f05e639a89ca34d06
- name: github.com/pmylund/go-cache
  version: e7a9def80f35fe1b170b7b8b68871d59dea117e1
- name: github.com/satori/go.uuid
  version: b061729afc07e77a8aa4fad0a2fd840958f1942a
- name: golang.org/x/net
  version: 30db96677b74e24b967e23f911eb3364fc61a011
  subpackages:
  - context
- name: golang.org/x/sys
  version: d4feaf1a7e61e1d9e79e6c4e76c6349e9cab0a03
  subpackages:
  - unix
- name: gopkg.in/bluesuncorp/validator.v8
  version: 5f57d2222ad794d0dffb07e664ea05e2ee07d60c
- name: gopkg.in/mgo.v2
  version: 3f83fa5005286a7fe593b055f0d7771a7dce4655
  subpackages:
  - bson
  - internal/json
  - internal/sasl
  - internal/scram
- name: gopkg.in/mgutz/dat.v1
  version: c2a5759ae4b0303a8bf640d01a85ae3acc02455d
  subpackages:
  - common
  - kvs
  - postgres
  - reflectx
  - sqlx-runner
testImports: []
